// !$*UTF8*$!
{
	archiveVersion = 1;
	classes = {
	};
	objectVersion = 52;
	objects = {

/* Begin PBXBuildFile section */
		219D3BEE260A2ED9008B64BB /* app_stockApp.swift in Sources */ = {isa = PBXBuildFile; fileRef = 219D3BED260A2ED9008B64BB /* app_stockApp.swift */; };
		219D3BF0260A2ED9008B64BB /* ContentView.swift in Sources */ = {isa = PBXBuildFile; fileRef = 219D3BEF260A2ED9008B64BB /* ContentView.swift */; };
		219D3BF2260A2EDA008B64BB /* Assets.xcassets in Resources */ = {isa = PBXBuildFile; fileRef = 219D3BF1260A2EDA008B64BB /* Assets.xcassets */; };
		219D3BF5260A2EDA008B64BB /* Preview Assets.xcassets in Resources */ = {isa = PBXBuildFile; fileRef = 219D3BF4260A2EDA008B64BB /* Preview Assets.xcassets */; };
		219D3BFF260A2FCF008B64BB /* Realm in Frameworks */ = {isa = PBXBuildFile; productRef = 219D3BFE260A2FCF008B64BB /* Realm */; };
		219D3C01260A2FCF008B64BB /* RealmSwift in Frameworks */ = {isa = PBXBuildFile; productRef = 219D3C00260A2FCF008B64BB /* RealmSwift */; };
		219D3C06260A3062008B64BB /* SearcBarView.swift in Sources */ = {isa = PBXBuildFile; fileRef = 219D3C05260A3062008B64BB /* SearcBarView.swift */; };
		219D3C0A260A3090008B64BB /* SegmentedView.swift in Sources */ = {isa = PBXBuildFile; fileRef = 219D3C09260A3090008B64BB /* SegmentedView.swift */; };
		219D3C0D260A30B3008B64BB /* PopularQueriesView.swift in Sources */ = {isa = PBXBuildFile; fileRef = 219D3C0C260A30B3008B64BB /* PopularQueriesView.swift */; };
		219D3C10260A30E9008B64BB /* Model.swift in Sources */ = {isa = PBXBuildFile; fileRef = 219D3C0F260A30E9008B64BB /* Model.swift */; };
		219D3C13260A315A008B64BB /* DataModel.swift in Sources */ = {isa = PBXBuildFile; fileRef = 219D3C12260A315A008B64BB /* DataModel.swift */; };
		219D3C16260A5331008B64BB /* FavoriteView.swift in Sources */ = {isa = PBXBuildFile; fileRef = 219D3C15260A5331008B64BB /* FavoriteView.swift */; };
		219D3C19260A5371008B64BB /* StocksView.swift in Sources */ = {isa = PBXBuildFile; fileRef = 219D3C18260A5371008B64BB /* StocksView.swift */; };
		219D3C1C260A53B2008B64BB /* StarBtn.swift in Sources */ = {isa = PBXBuildFile; fileRef = 219D3C1B260A53B2008B64BB /* StarBtn.swift */; };
/* End PBXBuildFile section */

/* Begin PBXFileReference section */
		219D3BEA260A2ED9008B64BB /* app_stock.app */ = {isa = PBXFileReference; explicitFileType = wrapper.application; includeInIndex = 0; path = app_stock.app; sourceTree = BUILT_PRODUCTS_DIR; };
		219D3BED260A2ED9008B64BB /* app_stockApp.swift */ = {isa = PBXFileReference; lastKnownFileType = sourcecode.swift; path = app_stockApp.swift; sourceTree = "<group>"; };
		219D3BEF260A2ED9008B64BB /* ContentView.swift */ = {isa = PBXFileReference; lastKnownFileType = sourcecode.swift; path = ContentView.swift; sourceTree = "<group>"; };
		219D3BF1260A2EDA008B64BB /* Assets.xcassets */ = {isa = PBXFileReference; lastKnownFileType = folder.assetcatalog; path = Assets.xcassets; sourceTree = "<group>"; };
		219D3BF4260A2EDA008B64BB /* Preview Assets.xcassets */ = {isa = PBXFileReference; lastKnownFileType = folder.assetcatalog; path = "Preview Assets.xcassets"; sourceTree = "<group>"; };
		219D3BF6260A2EDA008B64BB /* Info.plist */ = {isa = PBXFileReference; lastKnownFileType = text.plist.xml; path = Info.plist; sourceTree = "<group>"; };
		219D3C05260A3062008B64BB /* SearcBarView.swift */ = {isa = PBXFileReference; lastKnownFileType = sourcecode.swift; path = SearcBarView.swift; sourceTree = "<group>"; };
		219D3C09260A3090008B64BB /* SegmentedView.swift */ = {isa = PBXFileReference; lastKnownFileType = sourcecode.swift; path = SegmentedView.swift; sourceTree = "<group>"; };
		219D3C0C260A30B3008B64BB /* PopularQueriesView.swift */ = {isa = PBXFileReference; lastKnownFileType = sourcecode.swift; path = PopularQueriesView.swift; sourceTree = "<group>"; };
		219D3C0F260A30E9008B64BB /* Model.swift */ = {isa = PBXFileReference; lastKnownFileType = sourcecode.swift; path = Model.swift; sourceTree = "<group>"; };
		219D3C12260A315A008B64BB /* DataModel.swift */ = {isa = PBXFileReference; lastKnownFileType = sourcecode.swift; path = DataModel.swift; sourceTree = "<group>"; };
		219D3C15260A5331008B64BB /* FavoriteView.swift */ = {isa = PBXFileReference; lastKnownFileType = sourcecode.swift; path = FavoriteView.swift; sourceTree = "<group>"; };
		219D3C18260A5371008B64BB /* StocksView.swift */ = {isa = PBXFileReference; lastKnownFileType = sourcecode.swift; path = StocksView.swift; sourceTree = "<group>"; };
		219D3C1B260A53B2008B64BB /* StarBtn.swift */ = {isa = PBXFileReference; lastKnownFileType = sourcecode.swift; path = StarBtn.swift; sourceTree = "<group>"; };
/* End PBXFileReference section */

/* Begin PBXFrameworksBuildPhase section */
		219D3BE7260A2ED9008B64BB /* Frameworks */ = {
			isa = PBXFrameworksBuildPhase;
			buildActionMask = 2147483647;
			files = (
				219D3C01260A2FCF008B64BB /* RealmSwift in Frameworks */,
				219D3BFF260A2FCF008B64BB /* Realm in Frameworks */,
			);
			runOnlyForDeploymentPostprocessing = 0;
		};
/* End PBXFrameworksBuildPhase section */

/* Begin PBXGroup section */
		219D3BE1260A2ED9008B64BB = {
			isa = PBXGroup;
			children = (
				219D3BEC260A2ED9008B64BB /* app_stock */,
				219D3BEB260A2ED9008B64BB /* Products */,
			);
			sourceTree = "<group>";
		};
		219D3BEB260A2ED9008B64BB /* Products */ = {
			isa = PBXGroup;
			children = (
				219D3BEA260A2ED9008B64BB /* app_stock.app */,
			);
			name = Products;
			sourceTree = "<group>";
		};
		219D3BEC260A2ED9008B64BB /* app_stock */ = {
			isa = PBXGroup;
			children = (
				219D3C04260A303D008B64BB /* View */,
				219D3C03260A3030008B64BB /* Model */,
				219D3BED260A2ED9008B64BB /* app_stockApp.swift */,
				219D3BEF260A2ED9008B64BB /* ContentView.swift */,
				219D3BF1260A2EDA008B64BB /* Assets.xcassets */,
				219D3BF6260A2EDA008B64BB /* Info.plist */,
				219D3BF3260A2EDA008B64BB /* Preview Content */,
			);
			path = app_stock;
			sourceTree = "<group>";
		};
		219D3BF3260A2EDA008B64BB /* Preview Content */ = {
			isa = PBXGroup;
			children = (
				219D3BF4260A2EDA008B64BB /* Preview Assets.xcassets */,
			);
			path = "Preview Content";
			sourceTree = "<group>";
		};
		219D3C03260A3030008B64BB /* Model */ = {
			isa = PBXGroup;
			children = (
				219D3C0F260A30E9008B64BB /* Model.swift */,
				219D3C12260A315A008B64BB /* DataModel.swift */,
			);
			path = Model;
			sourceTree = "<group>";
		};
		219D3C04260A303D008B64BB /* View */ = {
			isa = PBXGroup;
			children = (
				219D3C05260A3062008B64BB /* SearcBarView.swift */,
				219D3C09260A3090008B64BB /* SegmentedView.swift */,
				219D3C0C260A30B3008B64BB /* PopularQueriesView.swift */,
				219D3C15260A5331008B64BB /* FavoriteView.swift */,
				219D3C18260A5371008B64BB /* StocksView.swift */,
				219D3C1B260A53B2008B64BB /* StarBtn.swift */,
			);
			path = View;
			sourceTree = "<group>";
		};
/* End PBXGroup section */

/* Begin PBXNativeTarget section */
		219D3BE9260A2ED9008B64BB /* app_stock */ = {
			isa = PBXNativeTarget;
			buildConfigurationList = 219D3BF9260A2EDA008B64BB /* Build configuration list for PBXNativeTarget "app_stock" */;
			buildPhases = (
				219D3BE6260A2ED9008B64BB /* Sources */,
				219D3BE7260A2ED9008B64BB /* Frameworks */,
				219D3BE8260A2ED9008B64BB /* Resources */,
			);
			buildRules = (
			);
			dependencies = (
			);
			name = app_stock;
			packageProductDependencies = (
				219D3BFE260A2FCF008B64BB /* Realm */,
				219D3C00260A2FCF008B64BB /* RealmSwift */,
			);
			productName = app_stock;
			productReference = 219D3BEA260A2ED9008B64BB /* app_stock.app */;
			productType = "com.apple.product-type.application";
		};
/* End PBXNativeTarget section */

/* Begin PBXProject section */
		219D3BE2260A2ED9008B64BB /* Project object */ = {
			isa = PBXProject;
			attributes = {
				LastSwiftUpdateCheck = 1240;
				LastUpgradeCheck = 1240;
				TargetAttributes = {
					219D3BE9260A2ED9008B64BB = {
						CreatedOnToolsVersion = 12.4;
					};
				};
			};
			buildConfigurationList = 219D3BE5260A2ED9008B64BB /* Build configuration list for PBXProject "app_stock" */;
			compatibilityVersion = "Xcode 9.3";
			developmentRegion = en;
			hasScannedForEncodings = 0;
			knownRegions = (
				en,
				Base,
			);
			mainGroup = 219D3BE1260A2ED9008B64BB;
			packageReferences = (
				219D3BFD260A2FCF008B64BB /* XCRemoteSwiftPackageReference "realm-cocoa" */,
			);
			productRefGroup = 219D3BEB260A2ED9008B64BB /* Products */;
			projectDirPath = "";
			projectRoot = "";
			targets = (
				219D3BE9260A2ED9008B64BB /* app_stock */,
			);
		};
/* End PBXProject section */

/* Begin PBXResourcesBuildPhase section */
		219D3BE8260A2ED9008B64BB /* Resources */ = {
			isa = PBXResourcesBuildPhase;
			buildActionMask = 2147483647;
			files = (
				219D3BF5260A2EDA008B64BB /* Preview Assets.xcassets in Resources */,
				219D3BF2260A2EDA008B64BB /* Assets.xcassets in Resources */,
			);
			runOnlyForDeploymentPostprocessing = 0;
		};
/* End PBXResourcesBuildPhase section */

/* Begin PBXSourcesBuildPhase section */
		219D3BE6260A2ED9008B64BB /* Sources */ = {
			isa = PBXSourcesBuildPhase;
			buildActionMask = 2147483647;
			files = (
				219D3C1C260A53B2008B64BB /* StarBtn.swift in Sources */,
				219D3C19260A5371008B64BB /* StocksView.swift in Sources */,
				219D3C16260A5331008B64BB /* FavoriteView.swift in Sources */,
				219D3C13260A315A008B64BB /* DataModel.swift in Sources */,
				219D3C06260A3062008B64BB /* SearcBarView.swift in Sources */,
				219D3C0A260A3090008B64BB /* SegmentedView.swift in Sources */,
				219D3BF0260A2ED9008B64BB /* ContentView.swift in Sources */,
				219D3C10260A30E9008B64BB /* Model.swift in Sources */,
				219D3C0D260A30B3008B64BB /* PopularQueriesView.swift in Sources */,
				219D3BEE260A2ED9008B64BB /* app_stockApp.swift in Sources */,
			);
			runOnlyForDeploymentPostprocessing = 0;
		};
/* End PBXSourcesBuildPhase section */

/* Begin XCBuildConfiguration section */
		219D3BF7260A2EDA008B64BB /* Debug */ = {
			isa = XCBuildConfiguration;
			buildSettings = {
				ALWAYS_SEARCH_USER_PATHS = NO;
				CLANG_ANALYZER_NONNULL = YES;
				CLANG_ANALYZER_NUMBER_OBJECT_CONVERSION = YES_AGGRESSIVE;
				CLANG_CXX_LANGUAGE_STANDARD = "gnu++14";
				CLANG_CXX_LIBRARY = "libc++";
				CLANG_ENABLE_MODULES = YES;
				CLANG_ENABLE_OBJC_ARC = YES;
				CLANG_ENABLE_OBJC_WEAK = YES;
				CLANG_WARN_BLOCK_CAPTURE_AUTORELEASING = YES;
				CLANG_WARN_BOOL_CONVERSION = YES;
				CLANG_WARN_COMMA = YES;
				CLANG_WARN_CONSTANT_CONVERSION = YES;
				CLANG_WARN_DEPRECATED_OBJC_IMPLEMENTATIONS = YES;
				CLANG_WARN_DIRECT_OBJC_ISA_USAGE = YES_ERROR;
				CLANG_WARN_DOCUMENTATION_COMMENTS = YES;
				CLANG_WARN_EMPTY_BODY = YES;
				CLANG_WARN_ENUM_CONVERSION = YES;
				CLANG_WARN_INFINITE_RECURSION = YES;
				CLANG_WARN_INT_CONVERSION = YES;
				CLANG_WARN_NON_LITERAL_NULL_CONVERSION = YES;
				CLANG_WARN_OBJC_IMPLICIT_RETAIN_SELF = YES;
				CLANG_WARN_OBJC_LITERAL_CONVERSION = YES;
				CLANG_WARN_OBJC_ROOT_CLASS = YES_ERROR;
				CLANG_WARN_QUOTED_INCLUDE_IN_FRAMEWORK_HEADER = YES;
				CLANG_WARN_RANGE_LOOP_ANALYSIS = YES;
				CLANG_WARN_STRICT_PROTOTYPES = YES;
				CLANG_WARN_SUSPICIOUS_MOVE = YES;
				CLANG_WARN_UNGUARDED_AVAILABILITY = YES_AGGRESSIVE;
				CLANG_WARN_UNREACHABLE_CODE = YES;
				CLANG_WARN__DUPLICATE_METHOD_MATCH = YES;
				COPY_PHASE_STRIP = NO;
				DEBUG_INFORMATION_FORMAT = dwarf;
				ENABLE_STRICT_OBJC_MSGSEND = YES;
				ENABLE_TESTABILITY = YES;
				GCC_C_LANGUAGE_STANDARD = gnu11;
				GCC_DYNAMIC_NO_PIC = NO;
				GCC_NO_COMMON_BLOCKS = YES;
				GCC_OPTIMIZATION_LEVEL = 0;
				GCC_PREPROCESSOR_DEFINITIONS = (
					"DEBUG=1",
					"$(inherited)",
				);
				GCC_WARN_64_TO_32_BIT_CONVERSION = YES;
				GCC_WARN_ABOUT_RETURN_TYPE = YES_ERROR;
				GCC_WARN_UNDECLARED_SELECTOR = YES;
				GCC_WARN_UNINITIALIZED_AUTOS = YES_AGGRESSIVE;
				GCC_WARN_UNUSED_FUNCTION = YES;
				GCC_WARN_UNUSED_VARIABLE = YES;
				IPHONEOS_DEPLOYMENT_TARGET = 14.4;
				MTL_ENABLE_DEBUG_INFO = INCLUDE_SOURCE;
				MTL_FAST_MATH = YES;
				ONLY_ACTIVE_ARCH = YES;
				SDKROOT = iphoneos;
				SWIFT_ACTIVE_COMPILATION_CONDITIONS = DEBUG;
				SWIFT_OPTIMIZATION_LEVEL = "-Onone";
			};
			name = Debug;
		};
		219D3BF8260A2EDA008B64BB /* Release */ = {
			isa = XCBuildConfiguration;
			buildSettings = {
				ALWAYS_SEARCH_USER_PATHS = NO;
				CLANG_ANALYZER_NONNULL = YES;
				CLANG_ANALYZER_NUMBER_OBJECT_CONVERSION = YES_AGGRESSIVE;
				CLANG_CXX_LANGUAGE_STANDARD = "gnu++14";
				CLANG_CXX_LIBRARY = "libc++";
				CLANG_ENABLE_MODULES = YES;
				CLANG_ENABLE_OBJC_ARC = YES;
				CLANG_ENABLE_OBJC_WEAK = YES;
				CLANG_WARN_BLOCK_CAPTURE_AUTORELEASING = YES;
				CLANG_WARN_BOOL_CONVERSION = YES;
				CLANG_WARN_COMMA = YES;
				CLANG_WARN_CONSTANT_CONVERSION = YES;
				CLANG_WARN_DEPRECATED_OBJC_IMPLEMENTATIONS = YES;
				CLANG_WARN_DIRECT_OBJC_ISA_USAGE = YES_ERROR;
				CLANG_WARN_DOCUMENTATION_COMMENTS = YES;
				CLANG_WARN_EMPTY_BODY = YES;
				CLANG_WARN_ENUM_CONVERSION = YES;
				CLANG_WARN_INFINITE_RECURSION = YES;
				CLANG_WARN_INT_CONVERSION = YES;
				CLANG_WARN_NON_LITERAL_NULL_CONVERSION = YES;
				CLANG_WARN_OBJC_IMPLICIT_RETAIN_SELF = YES;
				CLANG_WARN_OBJC_LITERAL_CONVERSION = YES;
				CLANG_WARN_OBJC_ROOT_CLASS = YES_ERROR;
				CLANG_WARN_QUOTED_INCLUDE_IN_FRAMEWORK_HEADER = YES;
				CLANG_WARN_RANGE_LOOP_ANALYSIS = YES;
				CLANG_WARN_STRICT_PROTOTYPES = YES;
				CLANG_WARN_SUSPICIOUS_MOVE = YES;
				CLANG_WARN_UNGUARDED_AVAILABILITY = YES_AGGRESSIVE;
				CLANG_WARN_UNREACHABLE_CODE = YES;
				CLANG_WARN__DUPLICATE_METHOD_MATCH = YES;
				COPY_PHASE_STRIP = NO;
				DEBUG_INFORMATION_FORMAT = "dwarf-with-dsym";
				ENABLE_NS_ASSERTIONS = NO;
				ENABLE_STRICT_OBJC_MSGSEND = YES;
				GCC_C_LANGUAGE_STANDARD = gnu11;
				GCC_NO_COMMON_BLOCKS = YES;
				GCC_WARN_64_TO_32_BIT_CONVERSION = YES;
				GCC_WARN_ABOUT_RETURN_TYPE = YES_ERROR;
				GCC_WARN_UNDECLARED_SELECTOR = YES;
				GCC_WARN_UNINITIALIZED_AUTOS = YES_AGGRESSIVE;
				GCC_WARN_UNUSED_FUNCTION = YES;
				GCC_WARN_UNUSED_VARIABLE = YES;
				IPHONEOS_DEPLOYMENT_TARGET = 14.4;
				MTL_ENABLE_DEBUG_INFO = NO;
				MTL_FAST_MATH = YES;
				SDKROOT = iphoneos;
				SWIFT_COMPILATION_MODE = wholemodule;
				SWIFT_OPTIMIZATION_LEVEL = "-O";
				VALIDATE_PRODUCT = YES;
			};
			name = Release;
		};
		219D3BFA260A2EDA008B64BB /* Debug */ = {
			isa = XCBuildConfiguration;
			buildSettings = {
				ASSETCATALOG_COMPILER_APPICON_NAME = AppIcon;
				ASSETCATALOG_COMPILER_GLOBAL_ACCENT_COLOR_NAME = AccentColor;
				CODE_SIGN_STYLE = Automatic;
				DEVELOPMENT_ASSET_PATHS = "\"app_stock/Preview Content\"";
				DEVELOPMENT_TEAM = 7GQ4HC85BS;
				ENABLE_PREVIEWS = YES;
				INFOPLIST_FILE = app_stock/Info.plist;
				IPHONEOS_DEPLOYMENT_TARGET = 14.0;
				LD_RUNPATH_SEARCH_PATHS = (
					"$(inherited)",
					"@executable_path/Frameworks",
				);
				PRODUCT_BUNDLE_IDENTIFIER = "com.tarasova.app-stock";
				PRODUCT_NAME = "$(TARGET_NAME)";
				SWIFT_VERSION = 5.0;
				TARGETED_DEVICE_FAMILY = "1,2";
			};
			name = Debug;
		};
		219D3BFB260A2EDA008B64BB /* Release */ = {
			isa = XCBuildConfiguration;
			buildSettings = {
				ASSETCATALOG_COMPILER_APPICON_NAME = AppIcon;
				ASSETCATALOG_COMPILER_GLOBAL_ACCENT_COLOR_NAME = AccentColor;
				CODE_SIGN_STYLE = Automatic;
				DEVELOPMENT_ASSET_PATHS = "\"app_stock/Preview Content\"";
				DEVELOPMENT_TEAM = 7GQ4HC85BS;
				ENABLE_PREVIEWS = YES;
				INFOPLIST_FILE = app_stock/Info.plist;
				IPHONEOS_DEPLOYMENT_TARGET = 14.0;
				LD_RUNPATH_SEARCH_PATHS = (
					"$(inherited)",
					"@executable_path/Frameworks",
				);
				PRODUCT_BUNDLE_IDENTIFIER = "com.tarasova.app-stock";
				PRODUCT_NAME = "$(TARGET_NAME)";
				SWIFT_VERSION = 5.0;
				TARGETED_DEVICE_FAMILY = "1,2";
			};
			name = Release;
		};
/* End XCBuildConfiguration section */

/* Begin XCConfigurationList section */
		219D3BE5260A2ED9008B64BB /* Build configuration list for PBXProject "app_stock" */ = {
			isa = XCConfigurationList;
			buildConfigurations = (
				219D3BF7260A2EDA008B64BB /* Debug */,
				219D3BF8260A2EDA008B64BB /* Release */,
			);
			defaultConfigurationIsVisible = 0;
			defaultConfigurationName = Release;
		};
		219D3BF9260A2EDA008B64BB /* Build configuration list for PBXNativeTarget "app_stock" */ = {
			isa = XCConfigurationList;
			buildConfigurations = (
				219D3BFA260A2EDA008B64BB /* Debug */,
				219D3BFB260A2EDA008B64BB /* Release */,
			);
			defaultConfigurationIsVisible = 0;
			defaultConfigurationName = Release;
		};
/* End XCConfigurationList section */

/* Begin XCRemoteSwiftPackageReference section */
		219D3BFD260A2FCF008B64BB /* XCRemoteSwiftPackageReference "realm-cocoa" */ = {
			isa = XCRemoteSwiftPackageReference;
			repositoryURL = "https://github.com/realm/realm-cocoa.git";
			requirement = {
				kind = upToNextMajorVersion;
				minimumVersion = 10.7.2;
			};
		};
/* End XCRemoteSwiftPackageReference section */

/* Begin XCSwiftPackageProductDependency section */
		219D3BFE260A2FCF008B64BB /* Realm */ = {
			isa = XCSwiftPackageProductDependency;
			package = 219D3BFD260A2FCF008B64BB /* XCRemoteSwiftPackageReference "realm-cocoa" */;
			productName = Realm;
		};
		219D3C00260A2FCF008B64BB /* RealmSwift */ = {
			isa = XCSwiftPackageProductDependency;
			package = 219D3BFD260A2FCF008B64BB /* XCRemoteSwiftPackageReference "realm-cocoa" */;
			productName = RealmSwift;
		};
/* End XCSwiftPackageProductDependency section */
	};
	rootObject = 219D3BE2260A2ED9008B64BB /* Project object */;
}
